
Microsoft Visual Studio Solution File, Format Version 12.00
# Visual Studio Version 16
VisualStudioVersion = 16.0.32413.511
MinimumVisualStudioVersion = 10.0.40219.1
Project("{FAE04EC0-301F-11D3-BF4B-00C04F79EFBC}") = "sual 2", "sual 2\sual 2.csproj", "{4FE778BF-E3EB-4AC3-A78D-3B2015B4F05A}"
EndProject
Global
	GlobalSection(SolutionConfigurationPlatforms) = preSolution
		Debug|Any CPU = Debug|Any CPU
		Release|Any CPU = Release|Any CPU
	EndGlobalSection
	GlobalSection(ProjectConfigurationPlatforms) = postSolution
		{4FE778BF-E3EB-4AC3-A78D-3B2015B4F05A}.Debug|Any CPU.ActiveCfg = Debug|Any CPU
		{4FE778BF-E3EB-4AC3-A78D-3B2015B4F05A}.Debug|Any CPU.Build.0 = Debug|Any CPU
		{4FE778BF-E3EB-4AC3-A78D-3B2015B4F05A}.Release|Any CPU.ActiveCfg = Release|Any CPU
		{4FE778BF-E3EB-4AC3-A78D-3B2015B4F05A}.Release|Any CPU.Build.0 = Release|Any CPU
	EndGlobalSection
	GlobalSection(SolutionProperties) = preSolution
		HideSolutionNode = FALSE
	EndGlobalSection
	GlobalSection(ExtensibilityGlobals) = postSolution
		SolutionGuid = {7141EF4D-0E4A-4C56-9F05-60F97D48F291}
	EndGlobalSection
EndGlobal
